{
  "name": "project2",
  "lockfileVersion": 2,
  "requires": true,
  "packages": {
    "": {
      "dependencies": {
        "@types/three": "^0.133.1",
        "three": "^0.134.0"
      }
    },
    "node_modules/@types/three": {
      "version": "0.133.1",
      "resolved": "https://registry.npmjs.org/@types/three/-/three-0.133.1.tgz",
      "integrity": "sha512-XqBrP/+kbs+o0CYRhCVVE95v7FaL2bO5Z7+3VQJE0nEyjo+9LoLfeNgZITOnndKHxM+7ltEciAIR7uE0SZlsOg=="
    },
    "node_modules/three": {
      "version": "0.134.0",
      "resolved": "https://registry.npmjs.org/three/-/three-0.134.0.tgz",
      "integrity": "sha512-LbBerg7GaSPjYtTOnu41AMp7tV6efUNR3p4Wk5NzkSsNTBuA5mDGOfwwZL1jhhVMLx9V20HolIUo0+U3AXehbg=="
    }
  },
  "dependencies": {
    "@types/three": {
      "version": "0.133.1",
      "resolved": "https://registry.npmjs.org/@types/three/-/three-0.133.1.tgz",
      "integrity": "sha512-XqBrP/+kbs+o0CYRhCVVE95v7FaL2bO5Z7+3VQJE0nEyjo+9LoLfeNgZITOnndKHxM+7ltEciAIR7uE0SZlsOg=="
    },
    "three": {
      "version": "0.134.0",
      "resolved": "https://registry.npmjs.org/three/-/three-0.134.0.tgz",
      "integrity": "sha512-LbBerg7GaSPjYtTOnu41AMp7tV6efUNR3p4Wk5NzkSsNTBuA5mDGOfwwZL1jhhVMLx9V20HolIUo0+U3AXehbg=="
    }
  }
}
