{
  "name": "fun_stuff",
  "lockfileVersion": 2,
  "requires": true,
  "packages": {
    "": {
      "devDependencies": {
        "@types/cannon": "^0.1.7"
      }
    },
    "node_modules/@types/cannon": {
      "version": "0.1.7",
      "resolved": "https://registry.npmjs.org/@types/cannon/-/cannon-0.1.7.tgz",
      "integrity": "sha512-D2BpUjnKI6B8+VkUHXWHqDziR6V3nllRwKsSCYajJusWOfGxuaF9s7gqrYnSAX7G2ykbZ+YWyOCOz1Gk3RRVrw==",
      "dev": true
    }
  },
  "dependencies": {
    "@types/cannon": {
      "version": "0.1.7",
      "resolved": "https://registry.npmjs.org/@types/cannon/-/cannon-0.1.7.tgz",
      "integrity": "sha512-D2BpUjnKI6B8+VkUHXWHqDziR6V3nllRwKsSCYajJusWOfGxuaF9s7gqrYnSAX7G2ykbZ+YWyOCOz1Gk3RRVrw==",
      "dev": true
    }
  }
}
